
Microsoft Visual Studio Solution File, Format Version 12.00
# Visual Studio Version 17
VisualStudioVersion = 17.0.31903.59
MinimumVisualStudioVersion = 10.0.40219.1
Project("{FAE04EC0-301F-11D3-BF4B-00C04F79EFBC}") = "AuthService.API", "AuthService.API\AuthService.API.csproj", "{0D662E8A-431D-753E-CE2D-5CED3050ED5F}"
EndProject
Project("{FAE04EC0-301F-11D3-BF4B-00C04F79EFBC}") = "AuthService.Domain", "AuthService\Domain\AuthService.Domain.csproj", "{6A992E93-ABE3-5E8E-DCA8-7A6E45DF9158}"
EndProject
Project("{2150E333-8FDC-42A3-9474-1A3956D46DE8}") = "ServicesClass", "ServicesClass", "{50573949-0A70-4926-9284-74CC4900C8FC}"
EndProject
Project("{FAE04EC0-301F-11D3-BF4B-00C04F79EFBC}") = "AuthService.Application", "AuthService\Application\AuthService.Application.csproj", "{447C0B33-EEC7-64D4-34BD-711A4CDD98FA}"
EndProject
Project("{FAE04EC0-301F-11D3-BF4B-00C04F79EFBC}") = "AuthService.Infrastructure", "AuthService\Infrastructure\AuthService.Infrastructure.csproj", "{4887FA8E-78CF-D243-B40A-C15F1543365E}"
EndProject
Project("{2150E333-8FDC-42A3-9474-1A3956D46DE8}") = "AuthServiceClass", "AuthServiceClass", "{02EA681E-C7D8-13C7-8484-4AC65E1B71E8}"
EndProject
Project("{2150E333-8FDC-42A3-9474-1A3956D46DE8}") = "Services.Api", "Services.Api", "{054167A6-4D05-4DA1-81E3-1B5319096A6B}"
EndProject
Project("{2150E333-8FDC-42A3-9474-1A3956D46DE8}") = "HumanResourcesClass", "HumanResourcesClass", "{13CA9DA9-1860-4E9A-A08B-2AAD0631091B}"
EndProject
Project("{FAE04EC0-301F-11D3-BF4B-00C04F79EFBC}") = "HumanResource.Aplication", "HumanResource.Aplication\HumanResource.Aplication.csproj", "{BC12586A-0728-47B7-A374-545CA53A4412}"
EndProject
Project("{FAE04EC0-301F-11D3-BF4B-00C04F79EFBC}") = "HumanResource.Domain", "HumanResource.Domain\HumanResource.Domain.csproj", "{4BF3BE8C-251A-4A8B-94BA-FB8B522CA75D}"
EndProject
Project("{FAE04EC0-301F-11D3-BF4B-00C04F79EFBC}") = "HumanResource.Infrastructure", "HumanResource.Infrastructure\HumanResource.Infrastructure.csproj", "{DE9AAC7E-5E04-44FD-9A9D-FCFB8C1D4C5B}"
EndProject
Project("{FAE04EC0-301F-11D3-BF4B-00C04F79EFBC}") = "CommonClass", "CommonClass\CommonClass.csproj", "{46B19246-FDEA-5C74-0DFF-6747C4D0463B}"
EndProject
Project("{FAE04EC0-301F-11D3-BF4B-00C04F79EFBC}") = "HumanResource.API", "HumanResource.API\HumanResource.API.csproj", "{5BB8E328-B452-400D-BE81-CA31591E322A}"
EndProject
Project("{2150E333-8FDC-42A3-9474-1A3956D46DE8}") = "Elementos de la solución", "Elementos de la solución", "{D107F4C8-89CC-BEA8-D3D7-CA6B7733353D}"
	ProjectSection(SolutionItems) = preProject
		README.md = README.md
	EndProjectSection
EndProject
Project("{2150E333-8FDC-42A3-9474-1A3956D46DE8}") = "ReceptionFresh", "ReceptionFresh", "{C7B29AD0-1934-4574-89C9-C7BA46180A26}"
EndProject
Project("{2150E333-8FDC-42A3-9474-1A3956D46DE8}") = "SecurityService", "SecurityService", "{45457014-DCB3-4373-B3E6-E2FA05AAD30C}"
EndProject
Project("{FAE04EC0-301F-11D3-BF4B-00C04F79EFBC}") = "ReceptionFresh.Application", "ReceptionFresh\ReceptionFresh.Application\ReceptionFresh.Application.csproj", "{7C81FFF4-6B06-71A2-7A5E-9B556CB79B0F}"
EndProject
Project("{FAE04EC0-301F-11D3-BF4B-00C04F79EFBC}") = "ReceptionFresh.Domain", "ReceptionFresh\ReceptionFresh.Domain\ReceptionFresh.Domain.csproj", "{AE22A0DC-B4C6-6061-0276-270A1582FE8B}"
EndProject
Project("{FAE04EC0-301F-11D3-BF4B-00C04F79EFBC}") = "ReceptionFresh.Infrastructure", "ReceptionFresh\ReceptionFresh.Infrastructure\ReceptionFresh.Infrastructure.csproj", "{1FC23BE7-A4E6-93F0-B529-362FF1956DCC}"
EndProject
Project("{FAE04EC0-301F-11D3-BF4B-00C04F79EFBC}") = "ReceptionFresh.API", "ReceptionFresh\ReceptionFresh.API\ReceptionFresh.API.csproj", "{E6C08197-7BDD-7DA6-88F2-BA1A1F053171}"
EndProject
Global
	GlobalSection(SolutionConfigurationPlatforms) = preSolution
		Debug|Any CPU = Debug|Any CPU
		Debug|x64 = Debug|x64
		Debug|x86 = Debug|x86
		Release|Any CPU = Release|Any CPU
		Release|x64 = Release|x64
		Release|x86 = Release|x86
	EndGlobalSection
	GlobalSection(ProjectConfigurationPlatforms) = postSolution
		{0D662E8A-431D-753E-CE2D-5CED3050ED5F}.Debug|Any CPU.ActiveCfg = Debug|Any CPU
		{0D662E8A-431D-753E-CE2D-5CED3050ED5F}.Debug|Any CPU.Build.0 = Debug|Any CPU
		{0D662E8A-431D-753E-CE2D-5CED3050ED5F}.Debug|x64.ActiveCfg = Debug|Any CPU
		{0D662E8A-431D-753E-CE2D-5CED3050ED5F}.Debug|x64.Build.0 = Debug|Any CPU
		{0D662E8A-431D-753E-CE2D-5CED3050ED5F}.Debug|x86.ActiveCfg = Debug|Any CPU
		{0D662E8A-431D-753E-CE2D-5CED3050ED5F}.Debug|x86.Build.0 = Debug|Any CPU
		{0D662E8A-431D-753E-CE2D-5CED3050ED5F}.Release|Any CPU.ActiveCfg = Release|Any CPU
		{0D662E8A-431D-753E-CE2D-5CED3050ED5F}.Release|Any CPU.Build.0 = Release|Any CPU
		{0D662E8A-431D-753E-CE2D-5CED3050ED5F}.Release|x64.ActiveCfg = Release|Any CPU
		{0D662E8A-431D-753E-CE2D-5CED3050ED5F}.Release|x64.Build.0 = Release|Any CPU
		{0D662E8A-431D-753E-CE2D-5CED3050ED5F}.Release|x86.ActiveCfg = Release|Any CPU
		{0D662E8A-431D-753E-CE2D-5CED3050ED5F}.Release|x86.Build.0 = Release|Any CPU
		{6A992E93-ABE3-5E8E-DCA8-7A6E45DF9158}.Debug|Any CPU.ActiveCfg = Debug|Any CPU
		{6A992E93-ABE3-5E8E-DCA8-7A6E45DF9158}.Debug|Any CPU.Build.0 = Debug|Any CPU
		{6A992E93-ABE3-5E8E-DCA8-7A6E45DF9158}.Debug|x64.ActiveCfg = Debug|Any CPU
		{6A992E93-ABE3-5E8E-DCA8-7A6E45DF9158}.Debug|x64.Build.0 = Debug|Any CPU
		{6A992E93-ABE3-5E8E-DCA8-7A6E45DF9158}.Debug|x86.ActiveCfg = Debug|Any CPU
		{6A992E93-ABE3-5E8E-DCA8-7A6E45DF9158}.Debug|x86.Build.0 = Debug|Any CPU
		{6A992E93-ABE3-5E8E-DCA8-7A6E45DF9158}.Release|Any CPU.ActiveCfg = Release|Any CPU
		{6A992E93-ABE3-5E8E-DCA8-7A6E45DF9158}.Release|Any CPU.Build.0 = Release|Any CPU
		{6A992E93-ABE3-5E8E-DCA8-7A6E45DF9158}.Release|x64.ActiveCfg = Release|Any CPU
		{6A992E93-ABE3-5E8E-DCA8-7A6E45DF9158}.Release|x64.Build.0 = Release|Any CPU
		{6A992E93-ABE3-5E8E-DCA8-7A6E45DF9158}.Release|x86.ActiveCfg = Release|Any CPU
		{6A992E93-ABE3-5E8E-DCA8-7A6E45DF9158}.Release|x86.Build.0 = Release|Any CPU
		{447C0B33-EEC7-64D4-34BD-711A4CDD98FA}.Debug|Any CPU.ActiveCfg = Debug|Any CPU
		{447C0B33-EEC7-64D4-34BD-711A4CDD98FA}.Debug|Any CPU.Build.0 = Debug|Any CPU
		{447C0B33-EEC7-64D4-34BD-711A4CDD98FA}.Debug|x64.ActiveCfg = Debug|Any CPU
		{447C0B33-EEC7-64D4-34BD-711A4CDD98FA}.Debug|x64.Build.0 = Debug|Any CPU
		{447C0B33-EEC7-64D4-34BD-711A4CDD98FA}.Debug|x86.ActiveCfg = Debug|Any CPU
		{447C0B33-EEC7-64D4-34BD-711A4CDD98FA}.Debug|x86.Build.0 = Debug|Any CPU
		{447C0B33-EEC7-64D4-34BD-711A4CDD98FA}.Release|Any CPU.ActiveCfg = Release|Any CPU
		{447C0B33-EEC7-64D4-34BD-711A4CDD98FA}.Release|Any CPU.Build.0 = Release|Any CPU
		{447C0B33-EEC7-64D4-34BD-711A4CDD98FA}.Release|x64.ActiveCfg = Release|Any CPU
		{447C0B33-EEC7-64D4-34BD-711A4CDD98FA}.Release|x64.Build.0 = Release|Any CPU
		{447C0B33-EEC7-64D4-34BD-711A4CDD98FA}.Release|x86.ActiveCfg = Release|Any CPU
		{447C0B33-EEC7-64D4-34BD-711A4CDD98FA}.Release|x86.Build.0 = Release|Any CPU
		{4887FA8E-78CF-D243-B40A-C15F1543365E}.Debug|Any CPU.ActiveCfg = Debug|Any CPU
		{4887FA8E-78CF-D243-B40A-C15F1543365E}.Debug|Any CPU.Build.0 = Debug|Any CPU
		{4887FA8E-78CF-D243-B40A-C15F1543365E}.Debug|x64.ActiveCfg = Debug|Any CPU
		{4887FA8E-78CF-D243-B40A-C15F1543365E}.Debug|x64.Build.0 = Debug|Any CPU
		{4887FA8E-78CF-D243-B40A-C15F1543365E}.Debug|x86.ActiveCfg = Debug|Any CPU
		{4887FA8E-78CF-D243-B40A-C15F1543365E}.Debug|x86.Build.0 = Debug|Any CPU
		{4887FA8E-78CF-D243-B40A-C15F1543365E}.Release|Any CPU.ActiveCfg = Release|Any CPU
		{4887FA8E-78CF-D243-B40A-C15F1543365E}.Release|Any CPU.Build.0 = Release|Any CPU
		{4887FA8E-78CF-D243-B40A-C15F1543365E}.Release|x64.ActiveCfg = Release|Any CPU
		{4887FA8E-78CF-D243-B40A-C15F1543365E}.Release|x64.Build.0 = Release|Any CPU
		{4887FA8E-78CF-D243-B40A-C15F1543365E}.Release|x86.ActiveCfg = Release|Any CPU
		{4887FA8E-78CF-D243-B40A-C15F1543365E}.Release|x86.Build.0 = Release|Any CPU
		{BC12586A-0728-47B7-A374-545CA53A4412}.Debug|Any CPU.ActiveCfg = Debug|Any CPU
		{BC12586A-0728-47B7-A374-545CA53A4412}.Debug|Any CPU.Build.0 = Debug|Any CPU
		{BC12586A-0728-47B7-A374-545CA53A4412}.Debug|x64.ActiveCfg = Debug|Any CPU
		{BC12586A-0728-47B7-A374-545CA53A4412}.Debug|x64.Build.0 = Debug|Any CPU
		{BC12586A-0728-47B7-A374-545CA53A4412}.Debug|x86.ActiveCfg = Debug|Any CPU
		{BC12586A-0728-47B7-A374-545CA53A4412}.Debug|x86.Build.0 = Debug|Any CPU
		{BC12586A-0728-47B7-A374-545CA53A4412}.Release|Any CPU.ActiveCfg = Release|Any CPU
		{BC12586A-0728-47B7-A374-545CA53A4412}.Release|Any CPU.Build.0 = Release|Any CPU
		{BC12586A-0728-47B7-A374-545CA53A4412}.Release|x64.ActiveCfg = Release|Any CPU
		{BC12586A-0728-47B7-A374-545CA53A4412}.Release|x64.Build.0 = Release|Any CPU
		{BC12586A-0728-47B7-A374-545CA53A4412}.Release|x86.ActiveCfg = Release|Any CPU
		{BC12586A-0728-47B7-A374-545CA53A4412}.Release|x86.Build.0 = Release|Any CPU
		{4BF3BE8C-251A-4A8B-94BA-FB8B522CA75D}.Debug|Any CPU.ActiveCfg = Debug|Any CPU
		{4BF3BE8C-251A-4A8B-94BA-FB8B522CA75D}.Debug|Any CPU.Build.0 = Debug|Any CPU
		{4BF3BE8C-251A-4A8B-94BA-FB8B522CA75D}.Debug|x64.ActiveCfg = Debug|Any CPU
		{4BF3BE8C-251A-4A8B-94BA-FB8B522CA75D}.Debug|x64.Build.0 = Debug|Any CPU
		{4BF3BE8C-251A-4A8B-94BA-FB8B522CA75D}.Debug|x86.ActiveCfg = Debug|Any CPU
		{4BF3BE8C-251A-4A8B-94BA-FB8B522CA75D}.Debug|x86.Build.0 = Debug|Any CPU
		{4BF3BE8C-251A-4A8B-94BA-FB8B522CA75D}.Release|Any CPU.ActiveCfg = Release|Any CPU
		{4BF3BE8C-251A-4A8B-94BA-FB8B522CA75D}.Release|Any CPU.Build.0 = Release|Any CPU
		{4BF3BE8C-251A-4A8B-94BA-FB8B522CA75D}.Release|x64.ActiveCfg = Release|Any CPU
		{4BF3BE8C-251A-4A8B-94BA-FB8B522CA75D}.Release|x64.Build.0 = Release|Any CPU
		{4BF3BE8C-251A-4A8B-94BA-FB8B522CA75D}.Release|x86.ActiveCfg = Release|Any CPU
		{4BF3BE8C-251A-4A8B-94BA-FB8B522CA75D}.Release|x86.Build.0 = Release|Any CPU
		{DE9AAC7E-5E04-44FD-9A9D-FCFB8C1D4C5B}.Debug|Any CPU.ActiveCfg = Debug|Any CPU
		{DE9AAC7E-5E04-44FD-9A9D-FCFB8C1D4C5B}.Debug|Any CPU.Build.0 = Debug|Any CPU
		{DE9AAC7E-5E04-44FD-9A9D-FCFB8C1D4C5B}.Debug|x64.ActiveCfg = Debug|Any CPU
		{DE9AAC7E-5E04-44FD-9A9D-FCFB8C1D4C5B}.Debug|x64.Build.0 = Debug|Any CPU
		{DE9AAC7E-5E04-44FD-9A9D-FCFB8C1D4C5B}.Debug|x86.ActiveCfg = Debug|Any CPU
		{DE9AAC7E-5E04-44FD-9A9D-FCFB8C1D4C5B}.Debug|x86.Build.0 = Debug|Any CPU
		{DE9AAC7E-5E04-44FD-9A9D-FCFB8C1D4C5B}.Release|Any CPU.ActiveCfg = Release|Any CPU
		{DE9AAC7E-5E04-44FD-9A9D-FCFB8C1D4C5B}.Release|Any CPU.Build.0 = Release|Any CPU
		{DE9AAC7E-5E04-44FD-9A9D-FCFB8C1D4C5B}.Release|x64.ActiveCfg = Release|Any CPU
		{DE9AAC7E-5E04-44FD-9A9D-FCFB8C1D4C5B}.Release|x64.Build.0 = Release|Any CPU
		{DE9AAC7E-5E04-44FD-9A9D-FCFB8C1D4C5B}.Release|x86.ActiveCfg = Release|Any CPU
		{DE9AAC7E-5E04-44FD-9A9D-FCFB8C1D4C5B}.Release|x86.Build.0 = Release|Any CPU
		{46B19246-FDEA-5C74-0DFF-6747C4D0463B}.Debug|Any CPU.ActiveCfg = Debug|Any CPU
		{46B19246-FDEA-5C74-0DFF-6747C4D0463B}.Debug|Any CPU.Build.0 = Debug|Any CPU
		{46B19246-FDEA-5C74-0DFF-6747C4D0463B}.Debug|x64.ActiveCfg = Debug|Any CPU
		{46B19246-FDEA-5C74-0DFF-6747C4D0463B}.Debug|x64.Build.0 = Debug|Any CPU
		{46B19246-FDEA-5C74-0DFF-6747C4D0463B}.Debug|x86.ActiveCfg = Debug|Any CPU
		{46B19246-FDEA-5C74-0DFF-6747C4D0463B}.Debug|x86.Build.0 = Debug|Any CPU
		{46B19246-FDEA-5C74-0DFF-6747C4D0463B}.Release|Any CPU.ActiveCfg = Release|Any CPU
		{46B19246-FDEA-5C74-0DFF-6747C4D0463B}.Release|Any CPU.Build.0 = Release|Any CPU
		{46B19246-FDEA-5C74-0DFF-6747C4D0463B}.Release|x64.ActiveCfg = Release|Any CPU
		{46B19246-FDEA-5C74-0DFF-6747C4D0463B}.Release|x64.Build.0 = Release|Any CPU
		{46B19246-FDEA-5C74-0DFF-6747C4D0463B}.Release|x86.ActiveCfg = Release|Any CPU
		{46B19246-FDEA-5C74-0DFF-6747C4D0463B}.Release|x86.Build.0 = Release|Any CPU
		{5BB8E328-B452-400D-BE81-CA31591E322A}.Debug|Any CPU.ActiveCfg = Debug|Any CPU
		{5BB8E328-B452-400D-BE81-CA31591E322A}.Debug|Any CPU.Build.0 = Debug|Any CPU
		{5BB8E328-B452-400D-BE81-CA31591E322A}.Debug|x64.ActiveCfg = Debug|Any CPU
		{5BB8E328-B452-400D-BE81-CA31591E322A}.Debug|x64.Build.0 = Debug|Any CPU
		{5BB8E328-B452-400D-BE81-CA31591E322A}.Debug|x86.ActiveCfg = Debug|Any CPU
		{5BB8E328-B452-400D-BE81-CA31591E322A}.Debug|x86.Build.0 = Debug|Any CPU
		{5BB8E328-B452-400D-BE81-CA31591E322A}.Release|Any CPU.ActiveCfg = Release|Any CPU
		{5BB8E328-B452-400D-BE81-CA31591E322A}.Release|Any CPU.Build.0 = Release|Any CPU
		{5BB8E328-B452-400D-BE81-CA31591E322A}.Release|x64.ActiveCfg = Release|Any CPU
		{5BB8E328-B452-400D-BE81-CA31591E322A}.Release|x64.Build.0 = Release|Any CPU
		{5BB8E328-B452-400D-BE81-CA31591E322A}.Release|x86.ActiveCfg = Release|Any CPU
		{5BB8E328-B452-400D-BE81-CA31591E322A}.Release|x86.Build.0 = Release|Any CPU
		{7C81FFF4-6B06-71A2-7A5E-9B556CB79B0F}.Debug|Any CPU.ActiveCfg = Debug|Any CPU
		{7C81FFF4-6B06-71A2-7A5E-9B556CB79B0F}.Debug|Any CPU.Build.0 = Debug|Any CPU
		{7C81FFF4-6B06-71A2-7A5E-9B556CB79B0F}.Debug|x64.ActiveCfg = Debug|Any CPU
		{7C81FFF4-6B06-71A2-7A5E-9B556CB79B0F}.Debug|x64.Build.0 = Debug|Any CPU
		{7C81FFF4-6B06-71A2-7A5E-9B556CB79B0F}.Debug|x86.ActiveCfg = Debug|Any CPU
		{7C81FFF4-6B06-71A2-7A5E-9B556CB79B0F}.Debug|x86.Build.0 = Debug|Any CPU
		{7C81FFF4-6B06-71A2-7A5E-9B556CB79B0F}.Release|Any CPU.ActiveCfg = Release|Any CPU
		{7C81FFF4-6B06-71A2-7A5E-9B556CB79B0F}.Release|Any CPU.Build.0 = Release|Any CPU
		{7C81FFF4-6B06-71A2-7A5E-9B556CB79B0F}.Release|x64.ActiveCfg = Release|Any CPU
		{7C81FFF4-6B06-71A2-7A5E-9B556CB79B0F}.Release|x64.Build.0 = Release|Any CPU
		{7C81FFF4-6B06-71A2-7A5E-9B556CB79B0F}.Release|x86.ActiveCfg = Release|Any CPU
		{7C81FFF4-6B06-71A2-7A5E-9B556CB79B0F}.Release|x86.Build.0 = Release|Any CPU
		{AE22A0DC-B4C6-6061-0276-270A1582FE8B}.Debug|Any CPU.ActiveCfg = Debug|Any CPU
		{AE22A0DC-B4C6-6061-0276-270A1582FE8B}.Debug|Any CPU.Build.0 = Debug|Any CPU
		{AE22A0DC-B4C6-6061-0276-270A1582FE8B}.Debug|x64.ActiveCfg = Debug|Any CPU
		{AE22A0DC-B4C6-6061-0276-270A1582FE8B}.Debug|x64.Build.0 = Debug|Any CPU
		{AE22A0DC-B4C6-6061-0276-270A1582FE8B}.Debug|x86.ActiveCfg = Debug|Any CPU
		{AE22A0DC-B4C6-6061-0276-270A1582FE8B}.Debug|x86.Build.0 = Debug|Any CPU
		{AE22A0DC-B4C6-6061-0276-270A1582FE8B}.Release|Any CPU.ActiveCfg = Release|Any CPU
		{AE22A0DC-B4C6-6061-0276-270A1582FE8B}.Release|Any CPU.Build.0 = Release|Any CPU
		{AE22A0DC-B4C6-6061-0276-270A1582FE8B}.Release|x64.ActiveCfg = Release|Any CPU
		{AE22A0DC-B4C6-6061-0276-270A1582FE8B}.Release|x64.Build.0 = Release|Any CPU
		{AE22A0DC-B4C6-6061-0276-270A1582FE8B}.Release|x86.ActiveCfg = Release|Any CPU
		{AE22A0DC-B4C6-6061-0276-270A1582FE8B}.Release|x86.Build.0 = Release|Any CPU
		{1FC23BE7-A4E6-93F0-B529-362FF1956DCC}.Debug|Any CPU.ActiveCfg = Debug|Any CPU
		{1FC23BE7-A4E6-93F0-B529-362FF1956DCC}.Debug|Any CPU.Build.0 = Debug|Any CPU
		{1FC23BE7-A4E6-93F0-B529-362FF1956DCC}.Debug|x64.ActiveCfg = Debug|Any CPU
		{1FC23BE7-A4E6-93F0-B529-362FF1956DCC}.Debug|x64.Build.0 = Debug|Any CPU
		{1FC23BE7-A4E6-93F0-B529-362FF1956DCC}.Debug|x86.ActiveCfg = Debug|Any CPU
		{1FC23BE7-A4E6-93F0-B529-362FF1956DCC}.Debug|x86.Build.0 = Debug|Any CPU
		{1FC23BE7-A4E6-93F0-B529-362FF1956DCC}.Release|Any CPU.ActiveCfg = Release|Any CPU
		{1FC23BE7-A4E6-93F0-B529-362FF1956DCC}.Release|Any CPU.Build.0 = Release|Any CPU
		{1FC23BE7-A4E6-93F0-B529-362FF1956DCC}.Release|x64.ActiveCfg = Release|Any CPU
		{1FC23BE7-A4E6-93F0-B529-362FF1956DCC}.Release|x64.Build.0 = Release|Any CPU
		{1FC23BE7-A4E6-93F0-B529-362FF1956DCC}.Release|x86.ActiveCfg = Release|Any CPU
		{1FC23BE7-A4E6-93F0-B529-362FF1956DCC}.Release|x86.Build.0 = Release|Any CPU
		{E6C08197-7BDD-7DA6-88F2-BA1A1F053171}.Debug|Any CPU.ActiveCfg = Debug|Any CPU
		{E6C08197-7BDD-7DA6-88F2-BA1A1F053171}.Debug|Any CPU.Build.0 = Debug|Any CPU
		{E6C08197-7BDD-7DA6-88F2-BA1A1F053171}.Debug|x64.ActiveCfg = Debug|Any CPU
		{E6C08197-7BDD-7DA6-88F2-BA1A1F053171}.Debug|x64.Build.0 = Debug|Any CPU
		{E6C08197-7BDD-7DA6-88F2-BA1A1F053171}.Debug|x86.ActiveCfg = Debug|Any CPU
		{E6C08197-7BDD-7DA6-88F2-BA1A1F053171}.Debug|x86.Build.0 = Debug|Any CPU
		{E6C08197-7BDD-7DA6-88F2-BA1A1F053171}.Release|Any CPU.ActiveCfg = Release|Any CPU
		{E6C08197-7BDD-7DA6-88F2-BA1A1F053171}.Release|Any CPU.Build.0 = Release|Any CPU
		{E6C08197-7BDD-7DA6-88F2-BA1A1F053171}.Release|x64.ActiveCfg = Release|Any CPU
		{E6C08197-7BDD-7DA6-88F2-BA1A1F053171}.Release|x64.Build.0 = Release|Any CPU
		{E6C08197-7BDD-7DA6-88F2-BA1A1F053171}.Release|x86.ActiveCfg = Release|Any CPU
		{E6C08197-7BDD-7DA6-88F2-BA1A1F053171}.Release|x86.Build.0 = Release|Any CPU
	EndGlobalSection
	GlobalSection(SolutionProperties) = preSolution
		HideSolutionNode = FALSE
	EndGlobalSection
	GlobalSection(NestedProjects) = preSolution
		{0D662E8A-431D-753E-CE2D-5CED3050ED5F} = {054167A6-4D05-4DA1-81E3-1B5319096A6B}
		{6A992E93-ABE3-5E8E-DCA8-7A6E45DF9158} = {02EA681E-C7D8-13C7-8484-4AC65E1B71E8}
		{447C0B33-EEC7-64D4-34BD-711A4CDD98FA} = {02EA681E-C7D8-13C7-8484-4AC65E1B71E8}
		{4887FA8E-78CF-D243-B40A-C15F1543365E} = {02EA681E-C7D8-13C7-8484-4AC65E1B71E8}
		{02EA681E-C7D8-13C7-8484-4AC65E1B71E8} = {50573949-0A70-4926-9284-74CC4900C8FC}
		{13CA9DA9-1860-4E9A-A08B-2AAD0631091B} = {50573949-0A70-4926-9284-74CC4900C8FC}
		{BC12586A-0728-47B7-A374-545CA53A4412} = {13CA9DA9-1860-4E9A-A08B-2AAD0631091B}
		{4BF3BE8C-251A-4A8B-94BA-FB8B522CA75D} = {13CA9DA9-1860-4E9A-A08B-2AAD0631091B}
		{DE9AAC7E-5E04-44FD-9A9D-FCFB8C1D4C5B} = {13CA9DA9-1860-4E9A-A08B-2AAD0631091B}
		{46B19246-FDEA-5C74-0DFF-6747C4D0463B} = {50573949-0A70-4926-9284-74CC4900C8FC}
		{5BB8E328-B452-400D-BE81-CA31591E322A} = {054167A6-4D05-4DA1-81E3-1B5319096A6B}
		{C7B29AD0-1934-4574-89C9-C7BA46180A26} = {50573949-0A70-4926-9284-74CC4900C8FC}
		{45457014-DCB3-4373-B3E6-E2FA05AAD30C} = {50573949-0A70-4926-9284-74CC4900C8FC}
		{7C81FFF4-6B06-71A2-7A5E-9B556CB79B0F} = {C7B29AD0-1934-4574-89C9-C7BA46180A26}
		{AE22A0DC-B4C6-6061-0276-270A1582FE8B} = {C7B29AD0-1934-4574-89C9-C7BA46180A26}
		{1FC23BE7-A4E6-93F0-B529-362FF1956DCC} = {C7B29AD0-1934-4574-89C9-C7BA46180A26}
		{E6C08197-7BDD-7DA6-88F2-BA1A1F053171} = {054167A6-4D05-4DA1-81E3-1B5319096A6B}
	EndGlobalSection
	GlobalSection(ExtensibilityGlobals) = postSolution
		SolutionGuid = {4E3C0D8B-73A9-4603-BE5F-EACDE791B662}
	EndGlobalSection
EndGlobal
